
Microsoft Visual Studio Solution File, Format Version 12.00
# Visual Studio Version 17
VisualStudioVersion = 17.9.34622.214
MinimumVisualStudioVersion = 10.0.40219.1
Project("{8BC9CEB8-8B4A-11D0-8D11-00A0C91BC942}") = "Sandbox", "Sandbox\Sandbox.vcxproj", "{B1F15224-7516-46E7-BF7F-2316377CE0B0}"
EndProject
Project("{8BC9CEB8-8B4A-11D0-8D11-00A0C91BC942}") = "Ludicrous", "Ludicrous\Ludicrous.vcxproj", "{C6861861-E45A-4063-B588-126838016265}"
EndProject
Global
	GlobalSection(SolutionConfigurationPlatforms) = preSolution
		Debug|x64 = Debug|x64
		Release|x64 = Release|x64
	EndGlobalSection
	GlobalSection(ProjectConfigurationPlatforms) = postSolution
		{C6861861-E45A-4063-B588-126838016265}.Debug|x64.ActiveCfg = Debug|x64
		{C6861861-E45A-4063-B588-126838016265}.Debug|x64.Build.0 = Debug|x64
		{C6861861-E45A-4063-B588-126838016265}.Release|x64.ActiveCfg = Release|x64
		{C6861861-E45A-4063-B588-126838016265}.Release|x64.Build.0 = Release|x64
		{B1F15224-7516-46E7-BF7F-2316377CE0B0}.Debug|x64.ActiveCfg = Debug|x64
		{B1F15224-7516-46E7-BF7F-2316377CE0B0}.Debug|x64.Build.0 = Debug|x64
		{B1F15224-7516-46E7-BF7F-2316377CE0B0}.Release|x64.ActiveCfg = Release|x64
		{B1F15224-7516-46E7-BF7F-2316377CE0B0}.Release|x64.Build.0 = Release|x64
	EndGlobalSection
	GlobalSection(SolutionProperties) = preSolution
		HideSolutionNode = FALSE
	EndGlobalSection
	GlobalSection(ExtensibilityGlobals) = postSolution
		SolutionGuid = {C66D5E52-C635-4C67-9820-BEE45F786832}
	EndGlobalSection
EndGlobal
